
Microsoft Visual Studio Solution File, Format Version 10.00
# Visual Studio 2008
Project("{8BC9CEB8-8B4A-11D0-8D11-00A0C91BC942}") = "live555", "live555.vcproj", "{515B9777-6532-463C-9934-9375BB23424E}"
EndProject
Project("{2150E333-8FDC-42A3-9474-1A3956D46DE8}") = "live555lib", "live555lib", "{62603CFE-1114-4288-AB55-B54EA1366C59}"
EndProject
Project("{2150E333-8FDC-42A3-9474-1A3956D46DE8}") = "mediaserver", "mediaserver", "{D7512FE0-F050-41CD-8686-37A55AF3DC5B}"
EndProject
Project("{8BC9CEB8-8B4A-11D0-8D11-00A0C91BC942}") = "mediaServer", "mediaServer\mediaServer.vcproj", "{924380EA-BC5E-4908-ABCD-6572CC0FEF61}"
EndProject
Global
	GlobalSection(SolutionConfigurationPlatforms) = preSolution
		Debug|Win32 = Debug|Win32
		Release|Win32 = Release|Win32
	EndGlobalSection
	GlobalSection(ProjectConfigurationPlatforms) = postSolution
		{515B9777-6532-463C-9934-9375BB23424E}.Debug|Win32.ActiveCfg = Debug|Win32
		{515B9777-6532-463C-9934-9375BB23424E}.Debug|Win32.Build.0 = Debug|Win32
		{515B9777-6532-463C-9934-9375BB23424E}.Release|Win32.ActiveCfg = Release|Win32
		{515B9777-6532-463C-9934-9375BB23424E}.Release|Win32.Build.0 = Release|Win32
		{924380EA-BC5E-4908-ABCD-6572CC0FEF61}.Debug|Win32.ActiveCfg = Debug|Win32
		{924380EA-BC5E-4908-ABCD-6572CC0FEF61}.Debug|Win32.Build.0 = Debug|Win32
		{924380EA-BC5E-4908-ABCD-6572CC0FEF61}.Release|Win32.ActiveCfg = Release|Win32
		{924380EA-BC5E-4908-ABCD-6572CC0FEF61}.Release|Win32.Build.0 = Release|Win32
	EndGlobalSection
	GlobalSection(SolutionProperties) = preSolution
		HideSolutionNode = FALSE
	EndGlobalSection
	GlobalSection(NestedProjects) = preSolution
		{515B9777-6532-463C-9934-9375BB23424E} = {62603CFE-1114-4288-AB55-B54EA1366C59}
		{924380EA-BC5E-4908-ABCD-6572CC0FEF61} = {D7512FE0-F050-41CD-8686-37A55AF3DC5B}
	EndGlobalSection
EndGlobal
